
Microsoft Visual Studio Solution File, Format Version 12.00
# Visual Studio Version 17
VisualStudioVersion = 17.4.33103.184
MinimumVisualStudioVersion = 10.0.40219.1
Project("{FAE04EC0-301F-11D3-BF4B-00C04F79EFBC}") = "DataAccess", "DataAccess\DataAccess.csproj", "{AC9B5304-3B58-43CE-B664-95234C5D196F}"
EndProject
Project("{FAE04EC0-301F-11D3-BF4B-00C04F79EFBC}") = "StartConsoleApp", "StartConsoleApp\StartConsoleApp.csproj", "{BCC571FF-1A3F-4BCA-AAF9-71B848B57BB8}"
EndProject
Project("{FAE04EC0-301F-11D3-BF4B-00C04F79EFBC}") = "Benchmark", "Benchmark.ConsoleApp\Benchmark.csproj", "{32CB81D3-3973-4CFB-A05F-6A8DCD618213}"
EndProject
Project("{FAE04EC0-301F-11D3-BF4B-00C04F79EFBC}") = "AsNoTracking", "AsNoTracking\AsNoTracking.csproj", "{BED61FEA-710F-44B4-9893-B949BC0139AD}"
EndProject
Project("{FAE04EC0-301F-11D3-BF4B-00C04F79EFBC}") = "SingleOrUnique", "SingleOrUnique\SingleOrUnique.csproj", "{46AC7A48-B26A-4CA4-BF9C-AEF3A48839BF}"
EndProject
Global
	GlobalSection(SolutionConfigurationPlatforms) = preSolution
		Debug|Any CPU = Debug|Any CPU
		Release|Any CPU = Release|Any CPU
	EndGlobalSection
	GlobalSection(ProjectConfigurationPlatforms) = postSolution
		{AC9B5304-3B58-43CE-B664-95234C5D196F}.Debug|Any CPU.ActiveCfg = Debug|Any CPU
		{AC9B5304-3B58-43CE-B664-95234C5D196F}.Debug|Any CPU.Build.0 = Debug|Any CPU
		{AC9B5304-3B58-43CE-B664-95234C5D196F}.Release|Any CPU.ActiveCfg = Release|Any CPU
		{AC9B5304-3B58-43CE-B664-95234C5D196F}.Release|Any CPU.Build.0 = Release|Any CPU
		{BCC571FF-1A3F-4BCA-AAF9-71B848B57BB8}.Debug|Any CPU.ActiveCfg = Debug|Any CPU
		{BCC571FF-1A3F-4BCA-AAF9-71B848B57BB8}.Debug|Any CPU.Build.0 = Debug|Any CPU
		{BCC571FF-1A3F-4BCA-AAF9-71B848B57BB8}.Release|Any CPU.ActiveCfg = Release|Any CPU
		{BCC571FF-1A3F-4BCA-AAF9-71B848B57BB8}.Release|Any CPU.Build.0 = Release|Any CPU
		{32CB81D3-3973-4CFB-A05F-6A8DCD618213}.Debug|Any CPU.ActiveCfg = Debug|Any CPU
		{32CB81D3-3973-4CFB-A05F-6A8DCD618213}.Debug|Any CPU.Build.0 = Debug|Any CPU
		{32CB81D3-3973-4CFB-A05F-6A8DCD618213}.Release|Any CPU.ActiveCfg = Release|Any CPU
		{32CB81D3-3973-4CFB-A05F-6A8DCD618213}.Release|Any CPU.Build.0 = Release|Any CPU
		{BED61FEA-710F-44B4-9893-B949BC0139AD}.Debug|Any CPU.ActiveCfg = Debug|Any CPU
		{BED61FEA-710F-44B4-9893-B949BC0139AD}.Debug|Any CPU.Build.0 = Debug|Any CPU
		{BED61FEA-710F-44B4-9893-B949BC0139AD}.Release|Any CPU.ActiveCfg = Release|Any CPU
		{BED61FEA-710F-44B4-9893-B949BC0139AD}.Release|Any CPU.Build.0 = Release|Any CPU
		{46AC7A48-B26A-4CA4-BF9C-AEF3A48839BF}.Debug|Any CPU.ActiveCfg = Debug|Any CPU
		{46AC7A48-B26A-4CA4-BF9C-AEF3A48839BF}.Debug|Any CPU.Build.0 = Debug|Any CPU
		{46AC7A48-B26A-4CA4-BF9C-AEF3A48839BF}.Release|Any CPU.ActiveCfg = Release|Any CPU
		{46AC7A48-B26A-4CA4-BF9C-AEF3A48839BF}.Release|Any CPU.Build.0 = Release|Any CPU
	EndGlobalSection
	GlobalSection(SolutionProperties) = preSolution
		HideSolutionNode = FALSE
	EndGlobalSection
	GlobalSection(ExtensibilityGlobals) = postSolution
		SolutionGuid = {DD568EEF-D8B8-49C5-AD33-3C078E85AD47}
	EndGlobalSection
EndGlobal
